// !$*UTF8*$!
{
	archiveVersion = 1;
	classes = {
	};
	objectVersion = 50;
	objects = {

/* Begin PBXBuildFile section */
		50813A3D21ED9CB4007697B7 /* AppDelegate.swift in Sources */ = {isa = PBXBuildFile; fileRef = 50813A3C21ED9CB4007697B7 /* AppDelegate.swift */; };
		50813A3F21ED9CB4007697B7 /* ViewController.swift in Sources */ = {isa = PBXBuildFile; fileRef = 50813A3E21ED9CB4007697B7 /* ViewController.swift */; };
		50813A4221ED9CB4007697B7 /* Main.storyboard in Resources */ = {isa = PBXBuildFile; fileRef = 50813A4021ED9CB4007697B7 /* Main.storyboard */; };
		50813A4421ED9CB5007697B7 /* Assets.xcassets in Resources */ = {isa = PBXBuildFile; fileRef = 50813A4321ED9CB5007697B7 /* Assets.xcassets */; };
		50813A4721ED9CB5007697B7 /* LaunchScreen.storyboard in Resources */ = {isa = PBXBuildFile; fileRef = 50813A4521ED9CB5007697B7 /* LaunchScreen.storyboard */; };
		50813A5221ED9CB5007697B7 /* rocket_launcherTests.swift in Sources */ = {isa = PBXBuildFile; fileRef = 50813A5121ED9CB5007697B7 /* rocket_launcherTests.swift */; };
		50813A5D21ED9CB5007697B7 /* rocket_launcherUITests.swift in Sources */ = {isa = PBXBuildFile; fileRef = 50813A5C21ED9CB5007697B7 /* rocket_launcherUITests.swift */; };
		50813A6B21ED9D9D007697B7 /* hustle-on.wav in Resources */ = {isa = PBXBuildFile; fileRef = 50813A6A21ED9D9D007697B7 /* hustle-on.wav */; };
/* End PBXBuildFile section */

/* Begin PBXContainerItemProxy section */
		50813A4E21ED9CB5007697B7 /* PBXContainerItemProxy */ = {
			isa = PBXContainerItemProxy;
			containerPortal = 50813A3121ED9CB4007697B7 /* Project object */;
			proxyType = 1;
			remoteGlobalIDString = 50813A3821ED9CB4007697B7;
			remoteInfo = "rocket-launcher";
		};
		50813A5921ED9CB5007697B7 /* PBXContainerItemProxy */ = {
			isa = PBXContainerItemProxy;
			containerPortal = 50813A3121ED9CB4007697B7 /* Project object */;
			proxyType = 1;
			remoteGlobalIDString = 50813A3821ED9CB4007697B7;
			remoteInfo = "rocket-launcher";
		};
/* End PBXContainerItemProxy section */

/* Begin PBXFileReference section */
		50813A3921ED9CB4007697B7 /* rocket-launcher.app */ = {isa = PBXFileReference; explicitFileType = wrapper.application; includeInIndex = 0; path = "rocket-launcher.app"; sourceTree = BUILT_PRODUCTS_DIR; };
		50813A3C21ED9CB4007697B7 /* AppDelegate.swift */ = {isa = PBXFileReference; lastKnownFileType = sourcecode.swift; path = AppDelegate.swift; sourceTree = "<group>"; };
		50813A3E21ED9CB4007697B7 /* ViewController.swift */ = {isa = PBXFileReference; lastKnownFileType = sourcecode.swift; path = ViewController.swift; sourceTree = "<group>"; };
		50813A4121ED9CB4007697B7 /* Base */ = {isa = PBXFileReference; lastKnownFileType = file.storyboard; name = Base; path = Base.lproj/Main.storyboard; sourceTree = "<group>"; };
		50813A4321ED9CB5007697B7 /* Assets.xcassets */ = {isa = PBXFileReference; lastKnownFileType = folder.assetcatalog; path = Assets.xcassets; sourceTree = "<group>"; };
		50813A4621ED9CB5007697B7 /* Base */ = {isa = PBXFileReference; lastKnownFileType = file.storyboard; name = Base; path = Base.lproj/LaunchScreen.storyboard; sourceTree = "<group>"; };
		50813A4821ED9CB5007697B7 /* Info.plist */ = {isa = PBXFileReference; lastKnownFileType = text.plist.xml; path = Info.plist; sourceTree = "<group>"; };
		50813A4D21ED9CB5007697B7 /* rocket-launcherTests.xctest */ = {isa = PBXFileReference; explicitFileType = wrapper.cfbundle; includeInIndex = 0; path = "rocket-launcherTests.xctest"; sourceTree = BUILT_PRODUCTS_DIR; };
		50813A5121ED9CB5007697B7 /* rocket_launcherTests.swift */ = {isa = PBXFileReference; lastKnownFileType = sourcecode.swift; path = rocket_launcherTests.swift; sourceTree = "<group>"; };
		50813A5321ED9CB5007697B7 /* Info.plist */ = {isa = PBXFileReference; lastKnownFileType = text.plist.xml; path = Info.plist; sourceTree = "<group>"; };
		50813A5821ED9CB5007697B7 /* rocket-launcherUITests.xctest */ = {isa = PBXFileReference; explicitFileType = wrapper.cfbundle; includeInIndex = 0; path = "rocket-launcherUITests.xctest"; sourceTree = BUILT_PRODUCTS_DIR; };
		50813A5C21ED9CB5007697B7 /* rocket_launcherUITests.swift */ = {isa = PBXFileReference; lastKnownFileType = sourcecode.swift; path = rocket_launcherUITests.swift; sourceTree = "<group>"; };
		50813A5E21ED9CB5007697B7 /* Info.plist */ = {isa = PBXFileReference; lastKnownFileType = text.plist.xml; path = Info.plist; sourceTree = "<group>"; };
		50813A6A21ED9D9D007697B7 /* hustle-on.wav */ = {isa = PBXFileReference; lastKnownFileType = audio.wav; path = "hustle-on.wav"; sourceTree = "<group>"; };
/* End PBXFileReference section */

/* Begin PBXFrameworksBuildPhase section */
		50813A3621ED9CB4007697B7 /* Frameworks */ = {
			isa = PBXFrameworksBuildPhase;
			buildActionMask = 2147483647;
			files = (
			);
			runOnlyForDeploymentPostprocessing = 0;
		};
		50813A4A21ED9CB5007697B7 /* Frameworks */ = {
			isa = PBXFrameworksBuildPhase;
			buildActionMask = 2147483647;
			files = (
			);
			runOnlyForDeploymentPostprocessing = 0;
		};
		50813A5521ED9CB5007697B7 /* Frameworks */ = {
			isa = PBXFrameworksBuildPhase;
			buildActionMask = 2147483647;
			files = (
			);
			runOnlyForDeploymentPostprocessing = 0;
		};
/* End PBXFrameworksBuildPhase section */

/* Begin PBXGroup section */
		50813A3021ED9CB4007697B7 = {
			isa = PBXGroup;
			children = (
				50813A3B21ED9CB4007697B7 /* rocket-launcher */,
				50813A5021ED9CB5007697B7 /* rocket-launcherTests */,
				50813A5B21ED9CB5007697B7 /* rocket-launcherUITests */,
				50813A3A21ED9CB4007697B7 /* Products */,
			);
			sourceTree = "<group>";
		};
		50813A3A21ED9CB4007697B7 /* Products */ = {
			isa = PBXGroup;
			children = (
				50813A3921ED9CB4007697B7 /* rocket-launcher.app */,
				50813A4D21ED9CB5007697B7 /* rocket-launcherTests.xctest */,
				50813A5821ED9CB5007697B7 /* rocket-launcherUITests.xctest */,
			);
			name = Products;
			sourceTree = "<group>";
		};
		50813A3B21ED9CB4007697B7 /* rocket-launcher */ = {
			isa = PBXGroup;
			children = (
				50813A6A21ED9D9D007697B7 /* hustle-on.wav */,
				50813A3C21ED9CB4007697B7 /* AppDelegate.swift */,
				50813A3E21ED9CB4007697B7 /* ViewController.swift */,
				50813A4021ED9CB4007697B7 /* Main.storyboard */,
				50813A4321ED9CB5007697B7 /* Assets.xcassets */,
				50813A4521ED9CB5007697B7 /* LaunchScreen.storyboard */,
				50813A4821ED9CB5007697B7 /* Info.plist */,
			);
			path = "rocket-launcher";
			sourceTree = "<group>";
		};
		50813A5021ED9CB5007697B7 /* rocket-launcherTests */ = {
			isa = PBXGroup;
			children = (
				50813A5121ED9CB5007697B7 /* rocket_launcherTests.swift */,
				50813A5321ED9CB5007697B7 /* Info.plist */,
			);
			path = "rocket-launcherTests";
			sourceTree = "<group>";
		};
		50813A5B21ED9CB5007697B7 /* rocket-launcherUITests */ = {
			isa = PBXGroup;
			children = (
				50813A5C21ED9CB5007697B7 /* rocket_launcherUITests.swift */,
				50813A5E21ED9CB5007697B7 /* Info.plist */,
			);
			path = "rocket-launcherUITests";
			sourceTree = "<group>";
		};
/* End PBXGroup section */

/* Begin PBXNativeTarget section */
		50813A3821ED9CB4007697B7 /* rocket-launcher */ = {
			isa = PBXNativeTarget;
			buildConfigurationList = 50813A6121ED9CB5007697B7 /* Build configuration list for PBXNativeTarget "rocket-launcher" */;
			buildPhases = (
				50813A3521ED9CB4007697B7 /* Sources */,
				50813A3621ED9CB4007697B7 /* Frameworks */,
				50813A3721ED9CB4007697B7 /* Resources */,
			);
			buildRules = (
			);
			dependencies = (
			);
			name = "rocket-launcher";
			productName = "rocket-launcher";
			productReference = 50813A3921ED9CB4007697B7 /* rocket-launcher.app */;
			productType = "com.apple.product-type.application";
		};
		50813A4C21ED9CB5007697B7 /* rocket-launcherTests */ = {
			isa = PBXNativeTarget;
			buildConfigurationList = 50813A6421ED9CB5007697B7 /* Build configuration list for PBXNativeTarget "rocket-launcherTests" */;
			buildPhases = (
				50813A4921ED9CB5007697B7 /* Sources */,
				50813A4A21ED9CB5007697B7 /* Frameworks */,
				50813A4B21ED9CB5007697B7 /* Resources */,
			);
			buildRules = (
			);
			dependencies = (
				50813A4F21ED9CB5007697B7 /* PBXTargetDependency */,
			);
			name = "rocket-launcherTests";
			productName = "rocket-launcherTests";
			productReference = 50813A4D21ED9CB5007697B7 /* rocket-launcherTests.xctest */;
			productType = "com.apple.product-type.bundle.unit-test";
		};
		50813A5721ED9CB5007697B7 /* rocket-launcherUITests */ = {
			isa = PBXNativeTarget;
			buildConfigurationList = 50813A6721ED9CB5007697B7 /* Build configuration list for PBXNativeTarget "rocket-launcherUITests" */;
			buildPhases = (
				50813A5421ED9CB5007697B7 /* Sources */,
				50813A5521ED9CB5007697B7 /* Frameworks */,
				50813A5621ED9CB5007697B7 /* Resources */,
			);
			buildRules = (
			);
			dependencies = (
				50813A5A21ED9CB5007697B7 /* PBXTargetDependency */,
			);
			name = "rocket-launcherUITests";
			productName = "rocket-launcherUITests";
			productReference = 50813A5821ED9CB5007697B7 /* rocket-launcherUITests.xctest */;
			productType = "com.apple.product-type.bundle.ui-testing";
		};
/* End PBXNativeTarget section */

/* Begin PBXProject section */
		50813A3121ED9CB4007697B7 /* Project object */ = {
			isa = PBXProject;
			attributes = {
				LastSwiftUpdateCheck = 1010;
				LastUpgradeCheck = 1010;
				ORGANIZATIONNAME = "Chinonso Obidike";
				TargetAttributes = {
					50813A3821ED9CB4007697B7 = {
						CreatedOnToolsVersion = 10.1;
					};
					50813A4C21ED9CB5007697B7 = {
						CreatedOnToolsVersion = 10.1;
						TestTargetID = 50813A3821ED9CB4007697B7;
					};
					50813A5721ED9CB5007697B7 = {
						CreatedOnToolsVersion = 10.1;
						TestTargetID = 50813A3821ED9CB4007697B7;
					};
				};
			};
			buildConfigurationList = 50813A3421ED9CB4007697B7 /* Build configuration list for PBXProject "rocket-launcher" */;
			compatibilityVersion = "Xcode 9.3";
			developmentRegion = en;
			hasScannedForEncodings = 0;
			knownRegions = (
				en,
				Base,
			);
			mainGroup = 50813A3021ED9CB4007697B7;
			productRefGroup = 50813A3A21ED9CB4007697B7 /* Products */;
			projectDirPath = "";
			projectRoot = "";
			targets = (
				50813A3821ED9CB4007697B7 /* rocket-launcher */,
				50813A4C21ED9CB5007697B7 /* rocket-launcherTests */,
				50813A5721ED9CB5007697B7 /* rocket-launcherUITests */,
			);
		};
/* End PBXProject section */

/* Begin PBXResourcesBuildPhase section */
		50813A3721ED9CB4007697B7 /* Resources */ = {
			isa = PBXResourcesBuildPhase;
			buildActionMask = 2147483647;
			files = (
				50813A6B21ED9D9D007697B7 /* hustle-on.wav in Resources */,
				50813A4721ED9CB5007697B7 /* LaunchScreen.storyboard in Resources */,
				50813A4421ED9CB5007697B7 /* Assets.xcassets in Resources */,
				50813A4221ED9CB4007697B7 /* Main.storyboard in Resources */,
			);
			runOnlyForDeploymentPostprocessing = 0;
		};
		50813A4B21ED9CB5007697B7 /* Resources */ = {
			isa = PBXResourcesBuildPhase;
			buildActionMask = 2147483647;
			files = (
			);
			runOnlyForDeploymentPostprocessing = 0;
		};
		50813A5621ED9CB5007697B7 /* Resources */ = {
			isa = PBXResourcesBuildPhase;
			buildActionMask = 2147483647;
			files = (
			);
			runOnlyForDeploymentPostprocessing = 0;
		};
/* End PBXResourcesBuildPhase section */

/* Begin PBXSourcesBuildPhase section */
		50813A3521ED9CB4007697B7 /* Sources */ = {
			isa = PBXSourcesBuildPhase;
			buildActionMask = 2147483647;
			files = (
				50813A3F21ED9CB4007697B7 /* ViewController.swift in Sources */,
				50813A3D21ED9CB4007697B7 /* AppDelegate.swift in Sources */,
			);
			runOnlyForDeploymentPostprocessing = 0;
		};
		50813A4921ED9CB5007697B7 /* Sources */ = {
			isa = PBXSourcesBuildPhase;
			buildActionMask = 2147483647;
			files = (
				50813A5221ED9CB5007697B7 /* rocket_launcherTests.swift in Sources */,
			);
			runOnlyForDeploymentPostprocessing = 0;
		};
		50813A5421ED9CB5007697B7 /* Sources */ = {
			isa = PBXSourcesBuildPhase;
			buildActionMask = 2147483647;
			files = (
				50813A5D21ED9CB5007697B7 /* rocket_launcherUITests.swift in Sources */,
			);
			runOnlyForDeploymentPostprocessing = 0;
		};
/* End PBXSourcesBuildPhase section */

/* Begin PBXTargetDependency section */
		50813A4F21ED9CB5007697B7 /* PBXTargetDependency */ = {
			isa = PBXTargetDependency;
			target = 50813A3821ED9CB4007697B7 /* rocket-launcher */;
			targetProxy = 50813A4E21ED9CB5007697B7 /* PBXContainerItemProxy */;
		};
		50813A5A21ED9CB5007697B7 /* PBXTargetDependency */ = {
			isa = PBXTargetDependency;
			target = 50813A3821ED9CB4007697B7 /* rocket-launcher */;
			targetProxy = 50813A5921ED9CB5007697B7 /* PBXContainerItemProxy */;
		};
/* End PBXTargetDependency section */

/* Begin PBXVariantGroup section */
		50813A4021ED9CB4007697B7 /* Main.storyboard */ = {
			isa = PBXVariantGroup;
			children = (
				50813A4121ED9CB4007697B7 /* Base */,
			);
			name = Main.storyboard;
			sourceTree = "<group>";
		};
		50813A4521ED9CB5007697B7 /* LaunchScreen.storyboard */ = {
			isa = PBXVariantGroup;
			children = (
				50813A4621ED9CB5007697B7 /* Base */,
			);
			name = LaunchScreen.storyboard;
			sourceTree = "<group>";
		};
/* End PBXVariantGroup section */

/* Begin XCBuildConfiguration section */
		50813A5F21ED9CB5007697B7 /* Debug */ = {
			isa = XCBuildConfiguration;
			buildSettings = {
				ALWAYS_SEARCH_USER_PATHS = NO;
				CLANG_ANALYZER_NONNULL = YES;
				CLANG_ANALYZER_NUMBER_OBJECT_CONVERSION = YES_AGGRESSIVE;
				CLANG_CXX_LANGUAGE_STANDARD = "gnu++14";
				CLANG_CXX_LIBRARY = "libc++";
				CLANG_ENABLE_MODULES = YES;
				CLANG_ENABLE_OBJC_ARC = YES;
				CLANG_ENABLE_OBJC_WEAK = YES;
				CLANG_WARN_BLOCK_CAPTURE_AUTORELEASING = YES;
				CLANG_WARN_BOOL_CONVERSION = YES;
				CLANG_WARN_COMMA = YES;
				CLANG_WARN_CONSTANT_CONVERSION = YES;
				CLANG_WARN_DEPRECATED_OBJC_IMPLEMENTATIONS = YES;
				CLANG_WARN_DIRECT_OBJC_ISA_USAGE = YES_ERROR;
				CLANG_WARN_DOCUMENTATION_COMMENTS = YES;
				CLANG_WARN_EMPTY_BODY = YES;
				CLANG_WARN_ENUM_CONVERSION = YES;
				CLANG_WARN_INFINITE_RECURSION = YES;
				CLANG_WARN_INT_CONVERSION = YES;
				CLANG_WARN_NON_LITERAL_NULL_CONVERSION = YES;
				CLANG_WARN_OBJC_IMPLICIT_RETAIN_SELF = YES;
				CLANG_WARN_OBJC_LITERAL_CONVERSION = YES;
				CLANG_WARN_OBJC_ROOT_CLASS = YES_ERROR;
				CLANG_WARN_RANGE_LOOP_ANALYSIS = YES;
				CLANG_WARN_STRICT_PROTOTYPES = YES;
				CLANG_WARN_SUSPICIOUS_MOVE = YES;
				CLANG_WARN_UNGUARDED_AVAILABILITY = YES_AGGRESSIVE;
				CLANG_WARN_UNREACHABLE_CODE = YES;
				CLANG_WARN__DUPLICATE_METHOD_MATCH = YES;
				CODE_SIGN_IDENTITY = "iPhone Developer";
				COPY_PHASE_STRIP = NO;
				DEBUG_INFORMATION_FORMAT = dwarf;
				ENABLE_STRICT_OBJC_MSGSEND = YES;
				ENABLE_TESTABILITY = YES;
				GCC_C_LANGUAGE_STANDARD = gnu11;
				GCC_DYNAMIC_NO_PIC = NO;
				GCC_NO_COMMON_BLOCKS = YES;
				GCC_OPTIMIZATION_LEVEL = 0;
				GCC_PREPROCESSOR_DEFINITIONS = (
					"DEBUG=1",
					"$(inherited)",
				);
				GCC_WARN_64_TO_32_BIT_CONVERSION = YES;
				GCC_WARN_ABOUT_RETURN_TYPE = YES_ERROR;
				GCC_WARN_UNDECLARED_SELECTOR = YES;
				GCC_WARN_UNINITIALIZED_AUTOS = YES_AGGRESSIVE;
				GCC_WARN_UNUSED_FUNCTION = YES;
				GCC_WARN_UNUSED_VARIABLE = YES;
				IPHONEOS_DEPLOYMENT_TARGET = 12.1;
				MTL_ENABLE_DEBUG_INFO = INCLUDE_SOURCE;
				MTL_FAST_MATH = YES;
				ONLY_ACTIVE_ARCH = YES;
				SDKROOT = iphoneos;
				SWIFT_ACTIVE_COMPILATION_CONDITIONS = DEBUG;
				SWIFT_OPTIMIZATION_LEVEL = "-Onone";
			};
			name = Debug;
		};
		50813A6021ED9CB5007697B7 /* Release */ = {
			isa = XCBuildConfiguration;
			buildSettings = {
				ALWAYS_SEARCH_USER_PATHS = NO;
				CLANG_ANALYZER_NONNULL = YES;
				CLANG_ANALYZER_NUMBER_OBJECT_CONVERSION = YES_AGGRESSIVE;
				CLANG_CXX_LANGUAGE_STANDARD = "gnu++14";
				CLANG_CXX_LIBRARY = "libc++";
				CLANG_ENABLE_MODULES = YES;
				CLANG_ENABLE_OBJC_ARC = YES;
				CLANG_ENABLE_OBJC_WEAK = YES;
				CLANG_WARN_BLOCK_CAPTURE_AUTORELEASING = YES;
				CLANG_WARN_BOOL_CONVERSION = YES;
				CLANG_WARN_COMMA = YES;
				CLANG_WARN_CONSTANT_CONVERSION = YES;
				CLANG_WARN_DEPRECATED_OBJC_IMPLEMENTATIONS = YES;
				CLANG_WARN_DIRECT_OBJC_ISA_USAGE = YES_ERROR;
				CLANG_WARN_DOCUMENTATION_COMMENTS = YES;
				CLANG_WARN_EMPTY_BODY = YES;
				CLANG_WARN_ENUM_CONVERSION = YES;
				CLANG_WARN_INFINITE_RECURSION = YES;
				CLANG_WARN_INT_CONVERSION = YES;
				CLANG_WARN_NON_LITERAL_NULL_CONVERSION = YES;
				CLANG_WARN_OBJC_IMPLICIT_RETAIN_SELF = YES;
				CLANG_WARN_OBJC_LITERAL_CONVERSION = YES;
				CLANG_WARN_OBJC_ROOT_CLASS = YES_ERROR;
				CLANG_WARN_RANGE_LOOP_ANALYSIS = YES;
				CLANG_WARN_STRICT_PROTOTYPES = YES;
				CLANG_WARN_SUSPICIOUS_MOVE = YES;
				CLANG_WARN_UNGUARDED_AVAILABILITY = YES_AGGRESSIVE;
				CLANG_WARN_UNREACHABLE_CODE = YES;
				CLANG_WARN__DUPLICATE_METHOD_MATCH = YES;
				CODE_SIGN_IDENTITY = "iPhone Developer";
				COPY_PHASE_STRIP = NO;
				DEBUG_INFORMATION_FORMAT = "dwarf-with-dsym";
				ENABLE_NS_ASSERTIONS = NO;
				ENABLE_STRICT_OBJC_MSGSEND = YES;
				GCC_C_LANGUAGE_STANDARD = gnu11;
				GCC_NO_COMMON_BLOCKS = YES;
				GCC_WARN_64_TO_32_BIT_CONVERSION = YES;
				GCC_WARN_ABOUT_RETURN_TYPE = YES_ERROR;
				GCC_WARN_UNDECLARED_SELECTOR = YES;
				GCC_WARN_UNINITIALIZED_AUTOS = YES_AGGRESSIVE;
				GCC_WARN_UNUSED_FUNCTION = YES;
				GCC_WARN_UNUSED_VARIABLE = YES;
				IPHONEOS_DEPLOYMENT_TARGET = 12.1;
				MTL_ENABLE_DEBUG_INFO = NO;
				MTL_FAST_MATH = YES;
				SDKROOT = iphoneos;
				SWIFT_COMPILATION_MODE = wholemodule;
				SWIFT_OPTIMIZATION_LEVEL = "-O";
				VALIDATE_PRODUCT = YES;
			};
			name = Release;
		};
		50813A6221ED9CB5007697B7 /* Debug */ = {
			isa = XCBuildConfiguration;
			buildSettings = {
				ASSETCATALOG_COMPILER_APPICON_NAME = AppIcon;
				CODE_SIGN_STYLE = Automatic;
				INFOPLIST_FILE = "rocket-launcher/Info.plist";
				LD_RUNPATH_SEARCH_PATHS = (
					"$(inherited)",
					"@executable_path/Frameworks",
				);
				PRODUCT_BUNDLE_IDENTIFIER = "edu.cuny.bmcc.rocket-launcher";
				PRODUCT_NAME = "$(TARGET_NAME)";
				SWIFT_VERSION = 4.2;
				TARGETED_DEVICE_FAMILY = "1,2";
			};
			name = Debug;
		};
		50813A6321ED9CB5007697B7 /* Release */ = {
			isa = XCBuildConfiguration;
			buildSettings = {
				ASSETCATALOG_COMPILER_APPICON_NAME = AppIcon;
				CODE_SIGN_STYLE = Automatic;
				INFOPLIST_FILE = "rocket-launcher/Info.plist";
				LD_RUNPATH_SEARCH_PATHS = (
					"$(inherited)",
					"@executable_path/Frameworks",
				);
				PRODUCT_BUNDLE_IDENTIFIER = "edu.cuny.bmcc.rocket-launcher";
				PRODUCT_NAME = "$(TARGET_NAME)";
				SWIFT_VERSION = 4.2;
				TARGETED_DEVICE_FAMILY = "1,2";
			};
			name = Release;
		};
		50813A6521ED9CB5007697B7 /* Debug */ = {
			isa = XCBuildConfiguration;
			buildSettings = {
				ALWAYS_EMBED_SWIFT_STANDARD_LIBRARIES = YES;
				BUNDLE_LOADER = "$(TEST_HOST)";
				CODE_SIGN_STYLE = Automatic;
				INFOPLIST_FILE = "rocket-launcherTests/Info.plist";
				LD_RUNPATH_SEARCH_PATHS = (
					"$(inherited)",
					"@executable_path/Frameworks",
					"@loader_path/Frameworks",
				);
				PRODUCT_BUNDLE_IDENTIFIER = "edu.cuny.bmcc.rocket-launcherTests";
				PRODUCT_NAME = "$(TARGET_NAME)";
				SWIFT_VERSION = 4.2;
				TARGETED_DEVICE_FAMILY = "1,2";
				TEST_HOST = "$(BUILT_PRODUCTS_DIR)/rocket-launcher.app/rocket-launcher";
			};
			name = Debug;
		};
		50813A6621ED9CB5007697B7 /* Release */ = {
			isa = XCBuildConfiguration;
			buildSettings = {
				ALWAYS_EMBED_SWIFT_STANDARD_LIBRARIES = YES;
				BUNDLE_LOADER = "$(TEST_HOST)";
				CODE_SIGN_STYLE = Automatic;
				INFOPLIST_FILE = "rocket-launcherTests/Info.plist";
				LD_RUNPATH_SEARCH_PATHS = (
					"$(inherited)",
					"@executable_path/Frameworks",
					"@loader_path/Frameworks",
				);
				PRODUCT_BUNDLE_IDENTIFIER = "edu.cuny.bmcc.rocket-launcherTests";
				PRODUCT_NAME = "$(TARGET_NAME)";
				SWIFT_VERSION = 4.2;
				TARGETED_DEVICE_FAMILY = "1,2";
				TEST_HOST = "$(BUILT_PRODUCTS_DIR)/rocket-launcher.app/rocket-launcher";
			};
			name = Release;
		};
		50813A6821ED9CB5007697B7 /* Debug */ = {
			isa = XCBuildConfiguration;
			buildSettings = {
				ALWAYS_EMBED_SWIFT_STANDARD_LIBRARIES = YES;
				CODE_SIGN_STYLE = Automatic;
				INFOPLIST_FILE = "rocket-launcherUITests/Info.plist";
				LD_RUNPATH_SEARCH_PATHS = (
					"$(inherited)",
					"@executable_path/Frameworks",
					"@loader_path/Frameworks",
				);
				PRODUCT_BUNDLE_IDENTIFIER = "edu.cuny.bmcc.rocket-launcherUITests";
				PRODUCT_NAME = "$(TARGET_NAME)";
				SWIFT_VERSION = 4.2;
				TARGETED_DEVICE_FAMILY = "1,2";
				TEST_TARGET_NAME = "rocket-launcher";
			};
			name = Debug;
		};
		50813A6921ED9CB5007697B7 /* Release */ = {
			isa = XCBuildConfiguration;
			buildSettings = {
				ALWAYS_EMBED_SWIFT_STANDARD_LIBRARIES = YES;
				CODE_SIGN_STYLE = Automatic;
				INFOPLIST_FILE = "rocket-launcherUITests/Info.plist";
				LD_RUNPATH_SEARCH_PATHS = (
					"$(inherited)",
					"@executable_path/Frameworks",
					"@loader_path/Frameworks",
				);
				PRODUCT_BUNDLE_IDENTIFIER = "edu.cuny.bmcc.rocket-launcherUITests";
				PRODUCT_NAME = "$(TARGET_NAME)";
				SWIFT_VERSION = 4.2;
				TARGETED_DEVICE_FAMILY = "1,2";
				TEST_TARGET_NAME = "rocket-launcher";
			};
			name = Release;
		};
/* End XCBuildConfiguration section */

/* Begin XCConfigurationList section */
		50813A3421ED9CB4007697B7 /* Build configuration list for PBXProject "rocket-launcher" */ = {
			isa = XCConfigurationList;
			buildConfigurations = (
				50813A5F21ED9CB5007697B7 /* Debug */,
				50813A6021ED9CB5007697B7 /* Release */,
			);
			defaultConfigurationIsVisible = 0;
			defaultConfigurationName = Release;
		};
		50813A6121ED9CB5007697B7 /* Build configuration list for PBXNativeTarget "rocket-launcher" */ = {
			isa = XCConfigurationList;
			buildConfigurations = (
				50813A6221ED9CB5007697B7 /* Debug */,
				50813A6321ED9CB5007697B7 /* Release */,
			);
			defaultConfigurationIsVisible = 0;
			defaultConfigurationName = Release;
		};
		50813A6421ED9CB5007697B7 /* Build configuration list for PBXNativeTarget "rocket-launcherTests" */ = {
			isa = XCConfigurationList;
			buildConfigurations = (
				50813A6521ED9CB5007697B7 /* Debug */,
				50813A6621ED9CB5007697B7 /* Release */,
			);
			defaultConfigurationIsVisible = 0;
			defaultConfigurationName = Release;
		};
		50813A6721ED9CB5007697B7 /* Build configuration list for PBXNativeTarget "rocket-launcherUITests" */ = {
			isa = XCConfigurationList;
			buildConfigurations = (
				50813A6821ED9CB5007697B7 /* Debug */,
				50813A6921ED9CB5007697B7 /* Release */,
			);
			defaultConfigurationIsVisible = 0;
			defaultConfigurationName = Release;
		};
/* End XCConfigurationList section */
	};
	rootObject = 50813A3121ED9CB4007697B7 /* Project object */;
}
